# This file is @generated by PDM.
# It is not intended for manual editing.

[metadata]
groups = ["default", "test"]
strategy = ["inherit_metadata"]
lock_version = "4.5.0"
content_hash = "sha256:a1e672fd98631a81723e40cd378b98bbae02d9774f01ab60abf7873637083be7"

[[metadata.targets]]
requires_python = ">=3.8"

[[package]]
name = "cassandra-driver"
version = "3.29.2"
summary = "DataStax Driver for Apache Cassandra"
groups = ["default"]
dependencies = [
    "geomet<0.3,>=0.1",
]
files = [
    {file = "cassandra-driver-3.29.2.tar.gz", hash = "sha256:c4310a7d0457f51a63fb019d8ef501588c491141362b53097fbc62fa06559b7c"},
    {file = "cassandra_driver-3.29.2-cp310-cp310-macosx_10_9_x86_64.whl", hash = "sha256:957208093ff2353230d0d83edf8c8e8582e4f2999d9a33292be6558fec943562"},
    {file = "cassandra_driver-3.29.2-cp310-cp310-macosx_11_0_arm64.whl", hash = "sha256:d70353b6d9d6e01e2b261efccfe90ce0aa6f416588e6e626ca2ed0aff6b540cf"},
    {file = "cassandra_driver-3.29.2-cp310-cp310-manylinux_2_17_aarch64.manylinux2014_aarch64.whl", hash = "sha256:06ad489e4df2cc7f41d3aca8bd8ddeb8071c4fb98240ed07f1dcd9b5180fd879"},
    {file = "cassandra_driver-3.29.2-cp310-cp310-manylinux_2_17_x86_64.manylinux2014_x86_64.whl", hash = "sha256:e7f1dfa33c3d93350057d6dc163bb92748b6e6a164c408c75cf2c59be0a203b7"},
    {file = "cassandra_driver-3.29.2-cp310-cp310-win32.whl", hash = "sha256:f9df1e6ae4201eb2eae899cb0649d46b3eb0843f075199b51360bc9d59679a31"},
    {file = "cassandra_driver-3.29.2-cp310-cp310-win_amd64.whl", hash = "sha256:c4a005bc0b4fd8b5716ad931e1cc788dbd45967b0bcbdc3dfde33c7f9fde40d4"},
    {file = "cassandra_driver-3.29.2-cp311-cp311-macosx_10_9_x86_64.whl", hash = "sha256:e31cee01a6fc8cf7f32e443fa0031bdc75eed46126831b7a807ab167b4dc1316"},
    {file = "cassandra_driver-3.29.2-cp311-cp311-macosx_11_0_arm64.whl", hash = "sha256:52edc6d4bd7d07b10dc08b7f044dbc2ebe24ad7009c23a65e0916faed1a34065"},
    {file = "cassandra_driver-3.29.2-cp311-cp311-manylinux_2_17_aarch64.manylinux2014_aarch64.whl", hash = "sha256:eb3a9f24fc84324d426a69dc35df66de550833072a4d9a4d63d72fda8fcaecb9"},
    {file = "cassandra_driver-3.29.2-cp311-cp311-manylinux_2_17_x86_64.manylinux2014_x86_64.whl", hash = "sha256:1e89de04809d02bb1d5d03c0946a7baaaf85e93d7e6414885b4ea2616efe9de0"},
    {file = "cassandra_driver-3.29.2-cp311-cp311-win32.whl", hash = "sha256:7104e5043e9cc98136d7fafe2418cbc448dacb4e1866fe38ff5be76f227437ef"},
    {file = "cassandra_driver-3.29.2-cp311-cp311-win_amd64.whl", hash = "sha256:69aa53f1bdb23487765faa92eef57366637878eafc412f46af999e722353b22f"},
    {file = "cassandra_driver-3.29.2-cp312-cp312-macosx_10_9_x86_64.whl", hash = "sha256:a1e994a82b2e6ab022c5aec24e03ad49fca5f3d47e566a145de34eb0e768473a"},
    {file = "cassandra_driver-3.29.2-cp312-cp312-macosx_11_0_arm64.whl", hash = "sha256:2039201ae5d9b7c7ce0930af7138d2637ca16a4c7aaae2fbdd4355fbaf3003c5"},
    {file = "cassandra_driver-3.29.2-cp312-cp312-manylinux_2_17_aarch64.manylinux2014_aarch64.whl", hash = "sha256:8067fad22e76e250c3846507d804f90b53e943bba442fa1b26583bcac692aaf1"},
    {file = "cassandra_driver-3.29.2-cp312-cp312-manylinux_2_17_x86_64.manylinux2014_x86_64.whl", hash = "sha256:ee0ebe8eb4fb007d8001ffcd1c3828b74defeb01075d8a1f1116ae9c60f75541"},
    {file = "cassandra_driver-3.29.2-cp312-cp312-win32.whl", hash = "sha256:83dc9399cdabe482fd3095ca54ec227212d8c491b563a7276f6c100e30ee856c"},
    {file = "cassandra_driver-3.29.2-cp312-cp312-win_amd64.whl", hash = "sha256:6c74610f56a4c53863a5d44a2af9c6c3405da19d51966fabd85d7f927d5c6abc"},
    {file = "cassandra_driver-3.29.2-cp38-cp38-macosx_10_9_x86_64.whl", hash = "sha256:c86b0a796ff67d66de7df5f85243832a4dc853217f6a3eade84694f6f4fae151"},
    {file = "cassandra_driver-3.29.2-cp38-cp38-macosx_11_0_arm64.whl", hash = "sha256:c53700b0d1f8c1d777eaa9e9fb6d17839d9a83f27a61649e0cbaa15d9d3df34b"},
    {file = "cassandra_driver-3.29.2-cp38-cp38-manylinux_2_17_aarch64.manylinux2014_aarch64.whl", hash = "sha256:7d348c769aa6c37919e7d6247e8cf09c23d387b7834a340408bd7d611f174d80"},
    {file = "cassandra_driver-3.29.2-cp38-cp38-manylinux_2_17_x86_64.manylinux2014_x86_64.whl", hash = "sha256:a8c496318e3c136cf12ab21e1598fee4b48ea1c71746ea8cc9d32e4dcd09cb93"},
    {file = "cassandra_driver-3.29.2-cp38-cp38-win32.whl", hash = "sha256:d180183451bec81c15e0441fa37a63dc52c6489e860e832cadd854373b423141"},
    {file = "cassandra_driver-3.29.2-cp38-cp38-win_amd64.whl", hash = "sha256:a66b20c421d8fb21f18bd0ac713de6f09c5c25b6ab3d6043c3779b9c012d7c98"},
    {file = "cassandra_driver-3.29.2-cp39-cp39-macosx_10_9_x86_64.whl", hash = "sha256:70d4d0dce373943308ad461a425fc70a23d0f524859367b8c6fc292400f39954"},
    {file = "cassandra_driver-3.29.2-cp39-cp39-macosx_11_0_arm64.whl", hash = "sha256:b86427fab4d5a96e91ad82bb9338d4101ae4d3758ba96c356e0198da3de4d350"},
    {file = "cassandra_driver-3.29.2-cp39-cp39-manylinux_2_17_aarch64.manylinux2014_aarch64.whl", hash = "sha256:c25b42e1a99f377a933d79ae93ea27601e337a5abb7bb843a0e951cf1b3836f7"},
    {file = "cassandra_driver-3.29.2-cp39-cp39-manylinux_2_17_x86_64.manylinux2014_x86_64.whl", hash = "sha256:9e36437288d6cd6f6c74b8ee5997692126e24adc2da3d031dc11c7dfea8bc220"},
    {file = "cassandra_driver-3.29.2-cp39-cp39-win32.whl", hash = "sha256:e967c1341a651f03bdc466f3835d72d3c0a0648b562035e6d780fa0b796c02f6"},
    {file = "cassandra_driver-3.29.2-cp39-cp39-win_amd64.whl", hash = "sha256:c5a9aab2367e8aad48ae853847a5a8985749ac5f102676de2c119b33fef13b42"},
]

[[package]]
name = "click"
version = "8.1.7"
requires_python = ">=3.7"
summary = "Composable command line interface toolkit"
groups = ["default"]
dependencies = [
    "colorama; platform_system == \"Windows\"",
    "importlib-metadata; python_version < \"3.8\"",
]
files = [
    {file = "click-8.1.7-py3-none-any.whl", hash = "sha256:ae74fb96c20a0277a1d615f1e4d73c8414f5a98db8b799a7931d1582f3390c28"},
    {file = "click-8.1.7.tar.gz", hash = "sha256:ca9853ad459e787e2192211578cc907e7594e294c7ccc834310722b41b9ca6de"},
]

[[package]]
name = "colorama"
version = "0.4.6"
requires_python = "!=3.0.*,!=3.1.*,!=3.2.*,!=3.3.*,!=3.4.*,!=3.5.*,!=3.6.*,>=2.7"
summary = "Cross-platform colored terminal text."
groups = ["default", "test"]
marker = "sys_platform == \"win32\" or platform_system == \"Windows\""
files = [
    {file = "colorama-0.4.6-py2.py3-none-any.whl", hash = "sha256:4f1d9991f5acc0ca119f9d443620b77f9d6b33703e51011c16baf57afb285fc6"},
    {file = "colorama-0.4.6.tar.gz", hash = "sha256:08695f5cb7ed6e0531a20572697297273c47b8cae5a63ffc6d6ed5c201be6e44"},
]

[[package]]
name = "exceptiongroup"
version = "1.2.2"
requires_python = ">=3.7"
summary = "Backport of PEP 654 (exception groups)"
groups = ["test"]
marker = "python_version < \"3.11\""
files = [
    {file = "exceptiongroup-1.2.2-py3-none-any.whl", hash = "sha256:3111b9d131c238bec2f8f516e123e14ba243563fb135d3fe885990585aa7795b"},
    {file = "exceptiongroup-1.2.2.tar.gz", hash = "sha256:47c2edf7c6738fafb49fd34290706d1a1a2f4d1c6df275526b62cbb4aa5393cc"},
]

[[package]]
name = "geomet"
version = "0.2.1.post1"
requires_python = ">2.6, !=3.3.*, <4"
summary = "GeoJSON <-> WKT/WKB conversion utilities"
groups = ["default"]
dependencies = [
    "click",
    "six",
]
files = [
    {file = "geomet-0.2.1.post1-py3-none-any.whl", hash = "sha256:a41a1e336b381416d6cbed7f1745c848e91defaa4d4c1bdc1312732e46ffad2b"},
    {file = "geomet-0.2.1.post1.tar.gz", hash = "sha256:91d754f7c298cbfcabd3befdb69c641c27fe75e808b27aa55028605761d17e95"},
]

[[package]]
name = "iniconfig"
version = "2.0.0"
requires_python = ">=3.7"
summary = "brain-dead simple config-ini parsing"
groups = ["test"]
files = [
    {file = "iniconfig-2.0.0-py3-none-any.whl", hash = "sha256:b6a85871a79d2e3b22d2d1b94ac2824226a63c6b741c88f7ae975f18b6778374"},
    {file = "iniconfig-2.0.0.tar.gz", hash = "sha256:2d91e135bf72d31a410b17c16da610a82cb55f6b0477d1a902134b24a455b8b3"},
]

[[package]]
name = "packaging"
version = "24.2"
requires_python = ">=3.8"
summary = "Core utilities for Python packages"
groups = ["test"]
files = [
    {file = "packaging-24.2-py3-none-any.whl", hash = "sha256:09abb1bccd265c01f4a3aa3f7a7db064b36514d2cba19a2f694fe6150451a759"},
    {file = "packaging-24.2.tar.gz", hash = "sha256:c228a6dc5e932d346bc5739379109d49e8853dd8223571c7c5b55260edc0b97f"},
]

[[package]]
name = "pluggy"
version = "1.5.0"
requires_python = ">=3.8"
summary = "plugin and hook calling mechanisms for python"
groups = ["test"]
files = [
    {file = "pluggy-1.5.0-py3-none-any.whl", hash = "sha256:44e1ad92c8ca002de6377e165f3e0f1be63266ab4d554740532335b9d75ea669"},
    {file = "pluggy-1.5.0.tar.gz", hash = "sha256:2cffa88e94fdc978c4c574f15f9e59b7f4201d439195c3715ca9e2486f1d0cf1"},
]

[[package]]
name = "pytest"
version = "8.3.3"
requires_python = ">=3.8"
summary = "pytest: simple powerful testing with Python"
groups = ["test"]
dependencies = [
    "colorama; sys_platform == \"win32\"",
    "exceptiongroup>=1.0.0rc8; python_version < \"3.11\"",
    "iniconfig",
    "packaging",
    "pluggy<2,>=1.5",
    "tomli>=1; python_version < \"3.11\"",
]
files = [
    {file = "pytest-8.3.3-py3-none-any.whl", hash = "sha256:a6853c7375b2663155079443d2e45de913a911a11d669df02a50814944db57b2"},
    {file = "pytest-8.3.3.tar.gz", hash = "sha256:70b98107bd648308a7952b06e6ca9a50bc660be218d53c257cc1fc94fda10181"},
]

[[package]]
name = "six"
version = "1.16.0"
requires_python = ">=2.7, !=3.0.*, !=3.1.*, !=3.2.*"
summary = "Python 2 and 3 compatibility utilities"
groups = ["default"]
files = [
    {file = "six-1.16.0-py2.py3-none-any.whl", hash = "sha256:8abb2f1d86890a2dfb989f9a77cfcfd3e47c2a354b01111771326f8aa26e0254"},
    {file = "six-1.16.0.tar.gz", hash = "sha256:1e61c37477a1626458e36f7b1d82aa5c9b094fa4802892072e49de9c60c4c926"},
]

[[package]]
name = "tomli"
version = "2.0.2"
requires_python = ">=3.8"
summary = "A lil' TOML parser"
groups = ["test"]
marker = "python_version < \"3.11\""
files = [
    {file = "tomli-2.0.2-py3-none-any.whl", hash = "sha256:2ebe24485c53d303f690b0ec092806a085f07af5a5aa1464f3931eec36caaa38"},
    {file = "tomli-2.0.2.tar.gz", hash = "sha256:d46d457a85337051c36524bc5349dd91b1877838e2979ac5ced3e710ed8a60ed"},
]
